{
  "name": "Off-Axis-Projection-demo",
  "lockfileVersion": 3,
  "requires": true,
  "packages": {
    "": {
      "dependencies": {
        "threading": "^0.0.2"
      }
    },
    "node_modules/threading": {
      "version": "0.0.2",
      "resolved": "https://registry.npmjs.org/threading/-/threading-0.0.2.tgz",
      "integrity": "sha512-ULRaud4+64DVoJtARH0ui/xYRPQumtHP/rSuvgm2jy4dYkslege5i1vp7tjt+mwgIlE8090LKyHU7M/zkWXZMQ=="
    }
  }
}
